<?xml version="1.0" encoding="utf-8"?>
<Project ToolsVersion="4.0" xmlns="http://schemas.microsoft.com/developer/msbuild/2003">
  <ItemGroup>
    <ClCompile Include="CommandHandler.cpp" />
    <ClCompile Include="main.cpp" />
    <ClCompile Include="operator.cpp" />
    <ClCompile Include="RecordMaker.cpp" />
    <ClCompile Include="SearchManager.cpp" />
    <ClCompile Include="CommandProcessor.cpp" />
    <ClCompile Include="CommandParser.cpp" />
    <ClCompile Include="ParseInfo.cpp" />
    <ClCompile Include="$(MSBuildThisFileDirectory)..\..\lib\native\src\gtest\gtest-all.cc" />
    <ClCompile Include="$(MSBuildThisFileDirectory)..\..\lib\native\src\gmock\gmock-all.cc" />
  </ItemGroup>
  <ItemGroup>
    <ClInclude Include="datamanager.h" />
    <ClInclude Include="EmployeeInformation.h" />
    <ClInclude Include="operator.h" />
    <ClInclude Include="Printer.h" />
    <ClInclude Include="RecordMaker.h" />
    <ClInclude Include="SearchManager.h" />
    <ClInclude Include="IOperator.h" />
    <ClInclude Include="ProcessResult.h" />
    <ClInclude Include="CommandProcessor.h" />
    <ClInclude Include="SelectType.h" />
    <ClInclude Include="CommandHandler.h" />
    <ClInclude Include="CommandParser.h" />
    <ClInclude Include="ParseInfo.h" />
  </ItemGroup>
  <ItemGroup>
    <None Include="packages.config" />
  </ItemGroup>
  <ItemGroup>
    <Text Include="input.txt" />
    <Text Include="output.txt" />
    <Text Include="input3.txt" />
    <Text Include="input4.txt" />
    <Text Include="input2.txt" />
    <Text Include="output_answer.txt" />
    <Text Include="output_answer3.txt" />
    <Text Include="output_answer4.txt" />
    <Text Include="output_answer2.txt" />
  </ItemGroup>
</Project>